// !$*UTF8*$!
{
	archiveVersion = 1;
	classes = {
	};
	objectVersion = 50;
	objects = {

/* Begin PBXBuildFile section */
		B33BE00920E2DB3C0003510E /* NavigationService.swift in Sources */ = {isa = PBXBuildFile; fileRef = B33BE00820E2DB3C0003510E /* NavigationService.swift */; };
		B33BE00B20E2E3730003510E /* LocationServiceDelegate.swift in Sources */ = {isa = PBXBuildFile; fileRef = B33BE00A20E2E3730003510E /* LocationServiceDelegate.swift */; };
		B38A3B4220E503AB0030D865 /* ArrowNode.swift in Sources */ = {isa = PBXBuildFile; fileRef = B38A3B4120E503AB0030D865 /* ArrowNode.swift */; };
		B38A3B4620E514840030D865 /* art.scnassets in Resources */ = {isa = PBXBuildFile; fileRef = B38A3B4520E514840030D865 /* art.scnassets */; };
		B3B6E33D209B3CD00099E17D /* AppDelegate.swift in Sources */ = {isa = PBXBuildFile; fileRef = B3B6E33C209B3CD00099E17D /* AppDelegate.swift */; };
		B3B6E33F209B3CD00099E17D /* ViewController.swift in Sources */ = {isa = PBXBuildFile; fileRef = B3B6E33E209B3CD00099E17D /* ViewController.swift */; };
		B3B6E342209B3CD00099E17D /* Main.storyboard in Resources */ = {isa = PBXBuildFile; fileRef = B3B6E340209B3CD00099E17D /* Main.storyboard */; };
		B3B6E344209B3CD20099E17D /* Assets.xcassets in Resources */ = {isa = PBXBuildFile; fileRef = B3B6E343209B3CD20099E17D /* Assets.xcassets */; };
		B3B6E347209B3CD20099E17D /* LaunchScreen.storyboard in Resources */ = {isa = PBXBuildFile; fileRef = B3B6E345209B3CD20099E17D /* LaunchScreen.storyboard */; };
		B3B6E34F209B41A20099E17D /* Helper.swift in Sources */ = {isa = PBXBuildFile; fileRef = B3B6E34E209B41A20099E17D /* Helper.swift */; };
		B3B8427C20E3BBD20077EDD8 /* SceneController.swift in Sources */ = {isa = PBXBuildFile; fileRef = B3B8427B20E3BBD20077EDD8 /* SceneController.swift */; };
		B3B8427E20E3BC820077EDD8 /* WayPoint.swift in Sources */ = {isa = PBXBuildFile; fileRef = B3B8427D20E3BC820077EDD8 /* WayPoint.swift */; };
/* End PBXBuildFile section */

/* Begin PBXFileReference section */
		B33BE00820E2DB3C0003510E /* NavigationService.swift */ = {isa = PBXFileReference; lastKnownFileType = sourcecode.swift; path = NavigationService.swift; sourceTree = "<group>"; };
		B33BE00A20E2E3730003510E /* LocationServiceDelegate.swift */ = {isa = PBXFileReference; lastKnownFileType = sourcecode.swift; path = LocationServiceDelegate.swift; sourceTree = "<group>"; };
		B38A3B4120E503AB0030D865 /* ArrowNode.swift */ = {isa = PBXFileReference; lastKnownFileType = sourcecode.swift; path = ArrowNode.swift; sourceTree = "<group>"; };
		B38A3B4520E514840030D865 /* art.scnassets */ = {isa = PBXFileReference; lastKnownFileType = wrapper.scnassets; path = art.scnassets; sourceTree = "<group>"; };
		B3B6E339209B3CD00099E17D /* prototype_2.app */ = {isa = PBXFileReference; explicitFileType = wrapper.application; includeInIndex = 0; path = prototype_2.app; sourceTree = BUILT_PRODUCTS_DIR; };
		B3B6E33C209B3CD00099E17D /* AppDelegate.swift */ = {isa = PBXFileReference; lastKnownFileType = sourcecode.swift; path = AppDelegate.swift; sourceTree = "<group>"; };
		B3B6E33E209B3CD00099E17D /* ViewController.swift */ = {isa = PBXFileReference; lastKnownFileType = sourcecode.swift; path = ViewController.swift; sourceTree = "<group>"; };
		B3B6E341209B3CD00099E17D /* Base */ = {isa = PBXFileReference; lastKnownFileType = file.storyboard; name = Base; path = Base.lproj/Main.storyboard; sourceTree = "<group>"; };
		B3B6E343209B3CD20099E17D /* Assets.xcassets */ = {isa = PBXFileReference; lastKnownFileType = folder.assetcatalog; path = Assets.xcassets; sourceTree = "<group>"; };
		B3B6E346209B3CD20099E17D /* Base */ = {isa = PBXFileReference; lastKnownFileType = file.storyboard; name = Base; path = Base.lproj/LaunchScreen.storyboard; sourceTree = "<group>"; };
		B3B6E348209B3CD20099E17D /* Info.plist */ = {isa = PBXFileReference; lastKnownFileType = text.plist.xml; path = Info.plist; sourceTree = "<group>"; };
		B3B6E34E209B41A20099E17D /* Helper.swift */ = {isa = PBXFileReference; lastKnownFileType = sourcecode.swift; path = Helper.swift; sourceTree = "<group>"; };
		B3B8427B20E3BBD20077EDD8 /* SceneController.swift */ = {isa = PBXFileReference; lastKnownFileType = sourcecode.swift; path = SceneController.swift; sourceTree = "<group>"; };
		B3B8427D20E3BC820077EDD8 /* WayPoint.swift */ = {isa = PBXFileReference; lastKnownFileType = sourcecode.swift; path = WayPoint.swift; sourceTree = "<group>"; };
/* End PBXFileReference section */

/* Begin PBXFrameworksBuildPhase section */
		B3B6E336209B3CD00099E17D /* Frameworks */ = {
			isa = PBXFrameworksBuildPhase;
			buildActionMask = 2147483647;
			files = (
			);
			runOnlyForDeploymentPostprocessing = 0;
		};
/* End PBXFrameworksBuildPhase section */

/* Begin PBXGroup section */
		B3B6E330209B3CD00099E17D = {
			isa = PBXGroup;
			children = (
				B3B6E33B209B3CD00099E17D /* prototype_2 */,
				B3B6E33A209B3CD00099E17D /* Products */,
			);
			sourceTree = "<group>";
		};
		B3B6E33A209B3CD00099E17D /* Products */ = {
			isa = PBXGroup;
			children = (
				B3B6E339209B3CD00099E17D /* prototype_2.app */,
			);
			name = Products;
			sourceTree = "<group>";
		};
		B3B6E33B209B3CD00099E17D /* prototype_2 */ = {
			isa = PBXGroup;
			children = (
				B38A3B4520E514840030D865 /* art.scnassets */,
				B3B6E33C209B3CD00099E17D /* AppDelegate.swift */,
				B3B6E33E209B3CD00099E17D /* ViewController.swift */,
				B3B6E340209B3CD00099E17D /* Main.storyboard */,
				B3B6E343209B3CD20099E17D /* Assets.xcassets */,
				B3B6E345209B3CD20099E17D /* LaunchScreen.storyboard */,
				B3B6E348209B3CD20099E17D /* Info.plist */,
				B3B6E34E209B41A20099E17D /* Helper.swift */,
				B33BE00820E2DB3C0003510E /* NavigationService.swift */,
				B33BE00A20E2E3730003510E /* LocationServiceDelegate.swift */,
				B3B8427B20E3BBD20077EDD8 /* SceneController.swift */,
				B3B8427D20E3BC820077EDD8 /* WayPoint.swift */,
				B38A3B4120E503AB0030D865 /* ArrowNode.swift */,
			);
			path = prototype_2;
			sourceTree = "<group>";
		};
/* End PBXGroup section */

/* Begin PBXNativeTarget section */
		B3B6E338209B3CD00099E17D /* prototype_2 */ = {
			isa = PBXNativeTarget;
			buildConfigurationList = B3B6E34B209B3CD20099E17D /* Build configuration list for PBXNativeTarget "prototype_2" */;
			buildPhases = (
				B3B6E335209B3CD00099E17D /* Sources */,
				B3B6E336209B3CD00099E17D /* Frameworks */,
				B3B6E337209B3CD00099E17D /* Resources */,
			);
			buildRules = (
			);
			dependencies = (
			);
			name = prototype_2;
			productName = prototype_2;
			productReference = B3B6E339209B3CD00099E17D /* prototype_2.app */;
			productType = "com.apple.product-type.application";
		};
/* End PBXNativeTarget section */

/* Begin PBXProject section */
		B3B6E331209B3CD00099E17D /* Project object */ = {
			isa = PBXProject;
			attributes = {
				LastSwiftUpdateCheck = 0930;
				LastUpgradeCheck = 0930;
				ORGANIZATIONNAME = "Leo Schoberwalter";
				TargetAttributes = {
					B3B6E338209B3CD00099E17D = {
						CreatedOnToolsVersion = 9.3;
					};
				};
			};
			buildConfigurationList = B3B6E334209B3CD00099E17D /* Build configuration list for PBXProject "prototype_2" */;
			compatibilityVersion = "Xcode 9.3";
			developmentRegion = en;
			hasScannedForEncodings = 0;
			knownRegions = (
				en,
				Base,
			);
			mainGroup = B3B6E330209B3CD00099E17D;
			productRefGroup = B3B6E33A209B3CD00099E17D /* Products */;
			projectDirPath = "";
			projectRoot = "";
			targets = (
				B3B6E338209B3CD00099E17D /* prototype_2 */,
			);
		};
/* End PBXProject section */

/* Begin PBXResourcesBuildPhase section */
		B3B6E337209B3CD00099E17D /* Resources */ = {
			isa = PBXResourcesBuildPhase;
			buildActionMask = 2147483647;
			files = (
				B38A3B4620E514840030D865 /* art.scnassets in Resources */,
				B3B6E347209B3CD20099E17D /* LaunchScreen.storyboard in Resources */,
				B3B6E344209B3CD20099E17D /* Assets.xcassets in Resources */,
				B3B6E342209B3CD00099E17D /* Main.storyboard in Resources */,
			);
			runOnlyForDeploymentPostprocessing = 0;
		};
/* End PBXResourcesBuildPhase section */

/* Begin PBXSourcesBuildPhase section */
		B3B6E335209B3CD00099E17D /* Sources */ = {
			isa = PBXSourcesBuildPhase;
			buildActionMask = 2147483647;
			files = (
				B3B6E33F209B3CD00099E17D /* ViewController.swift in Sources */,
				B3B8427E20E3BC820077EDD8 /* WayPoint.swift in Sources */,
				B33BE00B20E2E3730003510E /* LocationServiceDelegate.swift in Sources */,
				B38A3B4220E503AB0030D865 /* ArrowNode.swift in Sources */,
				B3B8427C20E3BBD20077EDD8 /* SceneController.swift in Sources */,
				B3B6E33D209B3CD00099E17D /* AppDelegate.swift in Sources */,
				B3B6E34F209B41A20099E17D /* Helper.swift in Sources */,
				B33BE00920E2DB3C0003510E /* NavigationService.swift in Sources */,
			);
			runOnlyForDeploymentPostprocessing = 0;
		};
/* End PBXSourcesBuildPhase section */

/* Begin PBXVariantGroup section */
		B3B6E340209B3CD00099E17D /* Main.storyboard */ = {
			isa = PBXVariantGroup;
			children = (
				B3B6E341209B3CD00099E17D /* Base */,
			);
			name = Main.storyboard;
			sourceTree = "<group>";
		};
		B3B6E345209B3CD20099E17D /* LaunchScreen.storyboard */ = {
			isa = PBXVariantGroup;
			children = (
				B3B6E346209B3CD20099E17D /* Base */,
			);
			name = LaunchScreen.storyboard;
			sourceTree = "<group>";
		};
/* End PBXVariantGroup section */

/* Begin XCBuildConfiguration section */
		B3B6E349209B3CD20099E17D /* Debug */ = {
			isa = XCBuildConfiguration;
			buildSettings = {
				ALWAYS_SEARCH_USER_PATHS = NO;
				CLANG_ANALYZER_NONNULL = YES;
				CLANG_ANALYZER_NUMBER_OBJECT_CONVERSION = YES_AGGRESSIVE;
				CLANG_CXX_LANGUAGE_STANDARD = "gnu++14";
				CLANG_CXX_LIBRARY = "libc++";
				CLANG_ENABLE_MODULES = YES;
				CLANG_ENABLE_OBJC_ARC = YES;
				CLANG_ENABLE_OBJC_WEAK = YES;
				CLANG_WARN_BLOCK_CAPTURE_AUTORELEASING = YES;
				CLANG_WARN_BOOL_CONVERSION = YES;
				CLANG_WARN_COMMA = YES;
				CLANG_WARN_CONSTANT_CONVERSION = YES;
				CLANG_WARN_DEPRECATED_OBJC_IMPLEMENTATIONS = YES;
				CLANG_WARN_DIRECT_OBJC_ISA_USAGE = YES_ERROR;
				CLANG_WARN_DOCUMENTATION_COMMENTS = YES;
				CLANG_WARN_EMPTY_BODY = YES;
				CLANG_WARN_ENUM_CONVERSION = YES;
				CLANG_WARN_INFINITE_RECURSION = YES;
				CLANG_WARN_INT_CONVERSION = YES;
				CLANG_WARN_NON_LITERAL_NULL_CONVERSION = YES;
				CLANG_WARN_OBJC_IMPLICIT_RETAIN_SELF = YES;
				CLANG_WARN_OBJC_LITERAL_CONVERSION = YES;
				CLANG_WARN_OBJC_ROOT_CLASS = YES_ERROR;
				CLANG_WARN_RANGE_LOOP_ANALYSIS = YES;
				CLANG_WARN_STRICT_PROTOTYPES = YES;
				CLANG_WARN_SUSPICIOUS_MOVE = YES;
				CLANG_WARN_UNGUARDED_AVAILABILITY = YES_AGGRESSIVE;
				CLANG_WARN_UNREACHABLE_CODE = YES;
				CLANG_WARN__DUPLICATE_METHOD_MATCH = YES;
				CODE_SIGN_IDENTITY = "iPhone Developer";
				COPY_PHASE_STRIP = NO;
				DEBUG_INFORMATION_FORMAT = dwarf;
				ENABLE_STRICT_OBJC_MSGSEND = YES;
				ENABLE_TESTABILITY = YES;
				GCC_C_LANGUAGE_STANDARD = gnu11;
				GCC_DYNAMIC_NO_PIC = NO;
				GCC_NO_COMMON_BLOCKS = YES;
				GCC_OPTIMIZATION_LEVEL = 0;
				GCC_PREPROCESSOR_DEFINITIONS = (
					"DEBUG=1",
					"$(inherited)",
				);
				GCC_WARN_64_TO_32_BIT_CONVERSION = YES;
				GCC_WARN_ABOUT_RETURN_TYPE = YES_ERROR;
				GCC_WARN_UNDECLARED_SELECTOR = YES;
				GCC_WARN_UNINITIALIZED_AUTOS = YES_AGGRESSIVE;
				GCC_WARN_UNUSED_FUNCTION = YES;
				GCC_WARN_UNUSED_VARIABLE = YES;
				IPHONEOS_DEPLOYMENT_TARGET = 11.3;
				MTL_ENABLE_DEBUG_INFO = YES;
				ONLY_ACTIVE_ARCH = YES;
				SDKROOT = iphoneos;
				SWIFT_ACTIVE_COMPILATION_CONDITIONS = DEBUG;
				SWIFT_OPTIMIZATION_LEVEL = "-Onone";
			};
			name = Debug;
		};
		B3B6E34A209B3CD20099E17D /* Release */ = {
			isa = XCBuildConfiguration;
			buildSettings = {
				ALWAYS_SEARCH_USER_PATHS = NO;
				CLANG_ANALYZER_NONNULL = YES;
				CLANG_ANALYZER_NUMBER_OBJECT_CONVERSION = YES_AGGRESSIVE;
				CLANG_CXX_LANGUAGE_STANDARD = "gnu++14";
				CLANG_CXX_LIBRARY = "libc++";
				CLANG_ENABLE_MODULES = YES;
				CLANG_ENABLE_OBJC_ARC = YES;
				CLANG_ENABLE_OBJC_WEAK = YES;
				CLANG_WARN_BLOCK_CAPTURE_AUTORELEASING = YES;
				CLANG_WARN_BOOL_CONVERSION = YES;
				CLANG_WARN_COMMA = YES;
				CLANG_WARN_CONSTANT_CONVERSION = YES;
				CLANG_WARN_DEPRECATED_OBJC_IMPLEMENTATIONS = YES;
				CLANG_WARN_DIRECT_OBJC_ISA_USAGE = YES_ERROR;
				CLANG_WARN_DOCUMENTATION_COMMENTS = YES;
				CLANG_WARN_EMPTY_BODY = YES;
				CLANG_WARN_ENUM_CONVERSION = YES;
				CLANG_WARN_INFINITE_RECURSION = YES;
				CLANG_WARN_INT_CONVERSION = YES;
				CLANG_WARN_NON_LITERAL_NULL_CONVERSION = YES;
				CLANG_WARN_OBJC_IMPLICIT_RETAIN_SELF = YES;
				CLANG_WARN_OBJC_LITERAL_CONVERSION = YES;
				CLANG_WARN_OBJC_ROOT_CLASS = YES_ERROR;
				CLANG_WARN_RANGE_LOOP_ANALYSIS = YES;
				CLANG_WARN_STRICT_PROTOTYPES = YES;
				CLANG_WARN_SUSPICIOUS_MOVE = YES;
				CLANG_WARN_UNGUARDED_AVAILABILITY = YES_AGGRESSIVE;
				CLANG_WARN_UNREACHABLE_CODE = YES;
				CLANG_WARN__DUPLICATE_METHOD_MATCH = YES;
				CODE_SIGN_IDENTITY = "iPhone Developer";
				COPY_PHASE_STRIP = NO;
				DEBUG_INFORMATION_FORMAT = "dwarf-with-dsym";
				ENABLE_NS_ASSERTIONS = NO;
				ENABLE_STRICT_OBJC_MSGSEND = YES;
				GCC_C_LANGUAGE_STANDARD = gnu11;
				GCC_NO_COMMON_BLOCKS = YES;
				GCC_WARN_64_TO_32_BIT_CONVERSION = YES;
				GCC_WARN_ABOUT_RETURN_TYPE = YES_ERROR;
				GCC_WARN_UNDECLARED_SELECTOR = YES;
				GCC_WARN_UNINITIALIZED_AUTOS = YES_AGGRESSIVE;
				GCC_WARN_UNUSED_FUNCTION = YES;
				GCC_WARN_UNUSED_VARIABLE = YES;
				IPHONEOS_DEPLOYMENT_TARGET = 11.3;
				MTL_ENABLE_DEBUG_INFO = NO;
				SDKROOT = iphoneos;
				SWIFT_COMPILATION_MODE = wholemodule;
				SWIFT_OPTIMIZATION_LEVEL = "-O";
				VALIDATE_PRODUCT = YES;
			};
			name = Release;
		};
		B3B6E34C209B3CD20099E17D /* Debug */ = {
			isa = XCBuildConfiguration;
			buildSettings = {
				ASSETCATALOG_COMPILER_APPICON_NAME = AppIcon;
				CODE_SIGN_STYLE = Automatic;
				DEVELOPMENT_TEAM = 37623J6K2T;
				INFOPLIST_FILE = prototype_2/Info.plist;
				LD_RUNPATH_SEARCH_PATHS = (
					"$(inherited)",
					"@executable_path/Frameworks",
				);
				PRODUCT_BUNDLE_IDENTIFIER = "de.schobele.prototype-2";
				PRODUCT_NAME = "$(TARGET_NAME)";
				SWIFT_VERSION = 4.0;
				TARGETED_DEVICE_FAMILY = "1,2";
			};
			name = Debug;
		};
		B3B6E34D209B3CD20099E17D /* Release */ = {
			isa = XCBuildConfiguration;
			buildSettings = {
				ASSETCATALOG_COMPILER_APPICON_NAME = AppIcon;
				CODE_SIGN_STYLE = Automatic;
				DEVELOPMENT_TEAM = 37623J6K2T;
				INFOPLIST_FILE = prototype_2/Info.plist;
				LD_RUNPATH_SEARCH_PATHS = (
					"$(inherited)",
					"@executable_path/Frameworks",
				);
				PRODUCT_BUNDLE_IDENTIFIER = "de.schobele.prototype-2";
				PRODUCT_NAME = "$(TARGET_NAME)";
				SWIFT_VERSION = 4.0;
				TARGETED_DEVICE_FAMILY = "1,2";
			};
			name = Release;
		};
/* End XCBuildConfiguration section */

/* Begin XCConfigurationList section */
		B3B6E334209B3CD00099E17D /* Build configuration list for PBXProject "prototype_2" */ = {
			isa = XCConfigurationList;
			buildConfigurations = (
				B3B6E349209B3CD20099E17D /* Debug */,
				B3B6E34A209B3CD20099E17D /* Release */,
			);
			defaultConfigurationIsVisible = 0;
			defaultConfigurationName = Release;
		};
		B3B6E34B209B3CD20099E17D /* Build configuration list for PBXNativeTarget "prototype_2" */ = {
			isa = XCConfigurationList;
			buildConfigurations = (
				B3B6E34C209B3CD20099E17D /* Debug */,
				B3B6E34D209B3CD20099E17D /* Release */,
			);
			defaultConfigurationIsVisible = 0;
			defaultConfigurationName = Release;
		};
/* End XCConfigurationList section */
	};
	rootObject = B3B6E331209B3CD00099E17D /* Project object */;
}
